
Microsoft Visual Studio Solution File, Format Version 12.00
# Visual Studio Version 17
VisualStudioVersion = 17.3.32811.315
MinimumVisualStudioVersion = 10.0.40219.1
Project("{FAE04EC0-301F-11D3-BF4B-00C04F79EFBC}") = "DeviceManagement_WebApp", "DeviceManagement_WebApp\DeviceManagement_WebApp.csproj", "{FD85CA49-296A-4739-AAC8-0F86D2E5BDD3}"
EndProject
Project("{FAE04EC0-301F-11D3-BF4B-00C04F79EFBC}") = "DeviceManagement_DataAccess", "DeviceManagement_DataAccess\DeviceManagement_DataAccess.csproj", "{6102137A-28F9-4908-ACC2-A8270BB7D41D}"
EndProject
Project("{FAE04EC0-301F-11D3-BF4B-00C04F79EFBC}") = "DeviceManagement_Core", "DeviceManagement_Core\DeviceManagement_Core.csproj", "{88AAEC40-925B-4A66-B23D-DD9CB3C3E918}"
EndProject
Global
	GlobalSection(SolutionConfigurationPlatforms) = preSolution
		Debug|Any CPU = Debug|Any CPU
		Release|Any CPU = Release|Any CPU
	EndGlobalSection
	GlobalSection(ProjectConfigurationPlatforms) = postSolution
		{FD85CA49-296A-4739-AAC8-0F86D2E5BDD3}.Debug|Any CPU.ActiveCfg = Debug|Any CPU
		{FD85CA49-296A-4739-AAC8-0F86D2E5BDD3}.Debug|Any CPU.Build.0 = Debug|Any CPU
		{FD85CA49-296A-4739-AAC8-0F86D2E5BDD3}.Release|Any CPU.ActiveCfg = Release|Any CPU
		{FD85CA49-296A-4739-AAC8-0F86D2E5BDD3}.Release|Any CPU.Build.0 = Release|Any CPU
		{6102137A-28F9-4908-ACC2-A8270BB7D41D}.Debug|Any CPU.ActiveCfg = Debug|Any CPU
		{6102137A-28F9-4908-ACC2-A8270BB7D41D}.Debug|Any CPU.Build.0 = Debug|Any CPU
		{6102137A-28F9-4908-ACC2-A8270BB7D41D}.Release|Any CPU.ActiveCfg = Release|Any CPU
		{6102137A-28F9-4908-ACC2-A8270BB7D41D}.Release|Any CPU.Build.0 = Release|Any CPU
		{88AAEC40-925B-4A66-B23D-DD9CB3C3E918}.Debug|Any CPU.ActiveCfg = Debug|Any CPU
		{88AAEC40-925B-4A66-B23D-DD9CB3C3E918}.Debug|Any CPU.Build.0 = Debug|Any CPU
		{88AAEC40-925B-4A66-B23D-DD9CB3C3E918}.Release|Any CPU.ActiveCfg = Release|Any CPU
		{88AAEC40-925B-4A66-B23D-DD9CB3C3E918}.Release|Any CPU.Build.0 = Release|Any CPU
	EndGlobalSection
	GlobalSection(SolutionProperties) = preSolution
		HideSolutionNode = FALSE
	EndGlobalSection
	GlobalSection(ExtensibilityGlobals) = postSolution
		SolutionGuid = {CAF5A90A-4EBE-48B5-961A-D2F48B28F957}
	EndGlobalSection
EndGlobal
